version = 1
revision = 1
requires-python = ">=3.13"

[[package]]
name = "anyio"
version = "4.11.0"
source = { registry = "https://pypi.org/simple" }
dependencies = [
    { name = "idna" },
    { name = "sniffio" },
]
sdist = { url = "https://files.pythonhosted.org/packages/c6/78/7d432127c41b50bccba979505f272c16cbcadcc33645d5fa3a738110ae75/anyio-4.11.0.tar.gz", hash = "sha256:82a8d0b81e318cc5ce71a5f1f8b5c4e63619620b63141ef8c995fa0db95a57c4", size = 219094 }
wheels = [
    { url = "https://files.pythonhosted.org/packages/15/b3/9b1a8074496371342ec1e796a96f99c82c945a339cd81a8e73de28b4cf9e/anyio-4.11.0-py3-none-any.whl", hash = "sha256:0287e96f4d26d4149305414d4e3bc32f0dcd0862365a4bddea19d7a1ec38c4fc", size = 109097 },
]

[[package]]
name = "certifi"
version = "2025.11.12"
source = { registry = "https://pypi.org/simple" }
sdist = { url = "https://files.pythonhosted.org/packages/a2/8c/58f469717fa48465e4a50c014a0400602d3c437d7c0c468e17ada824da3a/certifi-2025.11.12.tar.gz", hash = "sha256:d8ab5478f2ecd78af242878415affce761ca6bc54a22a27e026d7c25357c3316", size = 160538 }
wheels = [
    { url = "https://files.pythonhosted.org/packages/70/7d/9bc192684cea499815ff478dfcdc13835ddf401365057044fb721ec6bddb/certifi-2025.11.12-py3-none-any.whl", hash = "sha256:97de8790030bbd5c2d96b7ec782fc2f7820ef8dba6db909ccf95449f2d062d4b", size = 159438 },
]

[[package]]
name = "colorama"
version = "0.4.6"
source = { registry = "https://pypi.org/simple" }
sdist = { url = "https://files.pythonhosted.org/packages/d8/53/6f443c9a4a8358a93a6792e2acffb9d9d5cb0a5cfd8802644b7b1c9a02e4/colorama-0.4.6.tar.gz", hash = "sha256:08695f5cb7ed6e0531a20572697297273c47b8cae5a63ffc6d6ed5c201be6e44", size = 27697 }
wheels = [
    { url = "https://files.pythonhosted.org/packages/d1/d6/3965ed04c63042e047cb6a3e6ed1a63a35087b6a609aa3a15ed8ac56c221/colorama-0.4.6-py2.py3-none-any.whl", hash = "sha256:4f1d9991f5acc0ca119f9d443620b77f9d6b33703e51011c16baf57afb285fc6", size = 25335 },
]

[[package]]
name = "dnspython"
version = "2.8.0"
source = { registry = "https://pypi.org/simple" }
sdist = { url = "https://files.pythonhosted.org/packages/8c/8b/57666417c0f90f08bcafa776861060426765fdb422eb10212086fb811d26/dnspython-2.8.0.tar.gz", hash = "sha256:181d3c6996452cb1189c4046c61599b84a5a86e099562ffde77d26984ff26d0f", size = 368251 }
wheels = [
    { url = "https://files.pythonhosted.org/packages/ba/5a/18ad964b0086c6e62e2e7500f7edc89e3faa45033c71c1893d34eed2b2de/dnspython-2.8.0-py3-none-any.whl", hash = "sha256:01d9bbc4a2d76bf0db7c1f729812ded6d912bd318d3b1cf81d30c0f845dbf3af", size = 331094 },
]

[[package]]
name = "filetype"
version = "1.2.0"
source = { registry = "https://pypi.org/simple" }
sdist = { url = "https://files.pythonhosted.org/packages/bb/29/745f7d30d47fe0f251d3ad3dc2978a23141917661998763bebb6da007eb1/filetype-1.2.0.tar.gz", hash = "sha256:66b56cd6474bf41d8c54660347d37afcc3f7d1970648de365c102ef77548aadb", size = 998020 }
wheels = [
    { url = "https://files.pythonhosted.org/packages/18/79/1b8fa1bb3568781e84c9200f951c735f3f157429f44be0495da55894d620/filetype-1.2.0-py2.py3-none-any.whl", hash = "sha256:7ce71b6880181241cf7ac8697a2f1eb6a8bd9b429f7ad6d27b8db9ba5f1c2d25", size = 19970 },
]

[[package]]
name = "h11"
version = "0.16.0"
source = { registry = "https://pypi.org/simple" }
sdist = { url = "https://files.pythonhosted.org/packages/01/ee/02a2c011bdab74c6fb3c75474d40b3052059d95df7e73351460c8588d963/h11-0.16.0.tar.gz", hash = "sha256:4e35b956cf45792e4caa5885e69fba00bdbc6ffafbfa020300e549b208ee5ff1", size = 101250 }
wheels = [
    { url = "https://files.pythonhosted.org/packages/04/4b/29cac41a4d98d144bf5f6d33995617b185d14b22401f75ca86f384e87ff1/h11-0.16.0-py3-none-any.whl", hash = "sha256:63cf8bbe7522de3bf65932fda1d9c2772064ffb3dae62d55932da54b31cb6c86", size = 37515 },
]

[[package]]
name = "httpcore"
version = "1.0.9"
source = { registry = "https://pypi.org/simple" }
dependencies = [
    { name = "certifi" },
    { name = "h11" },
]
sdist = { url = "https://files.pythonhosted.org/packages/06/94/82699a10bca87a5556c9c59b5963f2d039dbd239f25bc2a63907a05a14cb/httpcore-1.0.9.tar.gz", hash = "sha256:6e34463af53fd2ab5d807f399a9b45ea31c3dfa2276f15a2c3f00afff6e176e8", size = 85484 }
wheels = [
    { url = "https://files.pythonhosted.org/packages/7e/f5/f66802a942d491edb555dd61e3a9961140fd64c90bce1eafd741609d334d/httpcore-1.0.9-py3-none-any.whl", hash = "sha256:2d400746a40668fc9dec9810239072b40b4484b640a8c38fd654a024c7a1bf55", size = 78784 },
]

[[package]]
name = "httpx"
version = "0.28.1"
source = { registry = "https://pypi.org/simple" }
dependencies = [
    { name = "anyio" },
    { name = "certifi" },
    { name = "httpcore" },
    { name = "idna" },
]
sdist = { url = "https://files.pythonhosted.org/packages/b1/df/48c586a5fe32a0f01324ee087459e112ebb7224f646c0b5023f5e79e9956/httpx-0.28.1.tar.gz", hash = "sha256:75e98c5f16b0f35b567856f597f06ff2270a374470a5c2392242528e3e3e42fc", size = 141406 }
wheels = [
    { url = "https://files.pythonhosted.org/packages/2a/39/e50c7c3a983047577ee07d2a9e53faf5a69493943ec3f6a384bdc792deb2/httpx-0.28.1-py3-none-any.whl", hash = "sha256:d909fcccc110f8c7faf814ca82a9a4d816bc5a6dbfea25d6591d6985b8ba59ad", size = 73517 },
]

[[package]]
name = "huabar-draws-index"
version = "0.1.0"
source = { virtual = "." }
dependencies = [
    { name = "filetype" },
    { name = "httpx" },
    { name = "pymongo" },
    { name = "tqdm" },
]

[package.metadata]
requires-dist = [
    { name = "filetype", specifier = ">=1.2" },
    { name = "httpx", specifier = ">=0.28.1" },
    { name = "pymongo", specifier = ">=4.15.4" },
    { name = "tqdm", specifier = ">=4.67.1" },
]

[[package]]
name = "idna"
version = "3.11"
source = { registry = "https://pypi.org/simple" }
sdist = { url = "https://files.pythonhosted.org/packages/6f/6d/0703ccc57f3a7233505399edb88de3cbd678da106337b9fcde432b65ed60/idna-3.11.tar.gz", hash = "sha256:795dafcc9c04ed0c1fb032c2aa73654d8e8c5023a7df64a53f39190ada629902", size = 194582 }
wheels = [
    { url = "https://files.pythonhosted.org/packages/0e/61/66938bbb5fc52dbdf84594873d5b51fb1f7c7794e9c0f5bd885f30bc507b/idna-3.11-py3-none-any.whl", hash = "sha256:771a87f49d9defaf64091e6e6fe9c18d4833f140bd19464795bc32d966ca37ea", size = 71008 },
]

[[package]]
name = "pymongo"
version = "4.15.4"
source = { registry = "https://pypi.org/simple" }
dependencies = [
    { name = "dnspython" },
]
sdist = { url = "https://files.pythonhosted.org/packages/74/81/6d66e62a5d1c5323dca79e9fb34ac8211df76f6c16625f9499a37b796314/pymongo-4.15.4.tar.gz", hash = "sha256:6ba7cdf46f03f406f77969a8081cfb659af16c0eee26b79a0a14e25f6c00827b", size = 2471218 }
wheels = [
    { url = "https://files.pythonhosted.org/packages/51/10/09551492e484f7055194d91c071c827fc65261156e4daced35e67e97b893/pymongo-4.15.4-cp313-cp313-macosx_10_13_x86_64.whl", hash = "sha256:6ff080f23a12c943346e2bba76cf19c3d14fb3625956792aa22b69767bfb36de", size = 975326 },
    { url = "https://files.pythonhosted.org/packages/aa/6e/8f153a6d7eaec9b334975000e16bfd11ec4050e8729d3e2ee67d7022f526/pymongo-4.15.4-cp313-cp313-macosx_11_0_arm64.whl", hash = "sha256:c4690e01d03773f7af21b1a8428029bd534c9fe467c6b594c591d8b992c0a975", size = 975132 },
    { url = "https://files.pythonhosted.org/packages/7c/7d/037498c1354fae1ce2fc7738c981a7447a5fee021c22e76083540cc1f9d6/pymongo-4.15.4-cp313-cp313-manylinux1_i686.manylinux_2_28_i686.manylinux_2_5_i686.whl", hash = "sha256:78bfe3917d0606b30a91b02ad954c588007f82e2abb2575ac2665259b051a753", size = 1950964 },
    { url = "https://files.pythonhosted.org/packages/ef/96/7c6b14956ef2ab99600d93b43429387394df6a99f5293cd0371c59a77a02/pymongo-4.15.4-cp313-cp313-manylinux2014_aarch64.manylinux_2_17_aarch64.manylinux_2_28_aarch64.whl", hash = "sha256:f53c83c3fd80fdb412ce4177d4f59b70b9bb1add6106877da044cf21e996316b", size = 1995249 },
    { url = "https://files.pythonhosted.org/packages/2a/16/0e0495b38dd64efbfd6f2eb47535895c8df4a78e384aee78190fe2ecfa84/pymongo-4.15.4-cp313-cp313-manylinux2014_ppc64le.manylinux_2_17_ppc64le.manylinux_2_28_ppc64le.whl", hash = "sha256:2e41d6650c1cd77a8e7556ad65133455f819f8c8cdce3e9cf4bbf14252b7d805", size = 2086580 },
    { url = "https://files.pythonhosted.org/packages/7d/c0/692545232a17d5772d15c7e50d54415bdd9b88018e2228607c96766af961/pymongo-4.15.4-cp313-cp313-manylinux2014_s390x.manylinux_2_17_s390x.manylinux_2_28_s390x.whl", hash = "sha256:b60fd8125f52efffd697490b6ccebc6e09d44069ad9c8795df0a684a9a8f4b3c", size = 2070189 },
    { url = "https://files.pythonhosted.org/packages/6f/9f/aae8eb4650d9a62f26baca4f4da2a0f5cd1aabcd4229dabc43cd71e09ea2/pymongo-4.15.4-cp313-cp313-manylinux2014_x86_64.manylinux_2_17_x86_64.manylinux_2_28_x86_64.whl", hash = "sha256:4d1a1a0406acd000377f34ae91cdb501fa73601a2d071e4a661e0c862e1b166e", size = 1985254 },
    { url = "https://files.pythonhosted.org/packages/b1/cd/50f49788caa317c7b00ccf0869805cb2b3046c2510f960cb07e8d3a74f73/pymongo-4.15.4-cp313-cp313-win32.whl", hash = "sha256:9c5710ed5f2af95315db0ee8ae02e9ff1e85e7b068c507d980bc24fe9d025257", size = 938134 },
    { url = "https://files.pythonhosted.org/packages/10/ad/6e96ccb3b7ab8be2e22b1c50b98aed0cae19253174bca6807fc8fd1ce34c/pymongo-4.15.4-cp313-cp313-win_amd64.whl", hash = "sha256:61b0863c7f9b460314db79b7f8541d3b490b453ece49afd56b611b214fc4b3b1", size = 962595 },
    { url = "https://files.pythonhosted.org/packages/22/23/9b9255e432df4bc276ecb9bb6e81c3376d8ee2b19de02d3751bb5c4a6fb1/pymongo-4.15.4-cp313-cp313-win_arm64.whl", hash = "sha256:0255af7d5c23c5e8cb4d9bb12906b142acebab0472117e1d5e3a8e6e689781cb", size = 944298 },
    { url = "https://files.pythonhosted.org/packages/9f/e6/f315ea84656adcd18d5b5e8b362b47c36bf606843098688cc0809b28c8a8/pymongo-4.15.4-cp314-cp314-macosx_10_15_x86_64.whl", hash = "sha256:539f9fa5bb04a09fc2965cdcae3fc91d1c6a1f4f1965b34df377bc7119e3d7cd", size = 1029994 },
    { url = "https://files.pythonhosted.org/packages/bb/0c/0c364db72cd80a503829885643478dd144a8bf05e1e853c89648a06ad34b/pymongo-4.15.4-cp314-cp314-macosx_11_0_arm64.whl", hash = "sha256:68354a77cf78424d27216b1cb7c9b0f67da16aae855045279ba8d73bb61f5ad0", size = 1029615 },
    { url = "https://files.pythonhosted.org/packages/50/71/6f37eea22ffa5b136c1ca0a21ba390c273b582d800bc979961fbd46c9bcc/pymongo-4.15.4-cp314-cp314-manylinux1_i686.manylinux_2_28_i686.manylinux_2_5_i686.whl", hash = "sha256:a9a90d556c2ef1572d2aef525ef19477a82d659d117eb3a51fa99e617d07dc44", size = 2211805 },
    { url = "https://files.pythonhosted.org/packages/24/09/3a538cb82766ce89559c4ca0d5694f782485080db6a8f628784dc7debba8/pymongo-4.15.4-cp314-cp314-manylinux2014_aarch64.manylinux_2_17_aarch64.manylinux_2_28_aarch64.whl", hash = "sha256:a1aac57614fb86a3fa707af3537c30eda5e7fd1be712c1f723296292ac057afe", size = 2264618 },
    { url = "https://files.pythonhosted.org/packages/51/6b/66b4fe2d3c566ed655d95b1d8947dfea05642b05a285a3081d6cebc4f5da/pymongo-4.15.4-cp314-cp314-manylinux2014_ppc64le.manylinux_2_17_ppc64le.manylinux_2_28_ppc64le.whl", hash = "sha256:c6c21b49c5e021d9ce02cac33525c722d4c6887f7cde19a5a9154f66cb845e84", size = 2371810 },
    { url = "https://files.pythonhosted.org/packages/92/2b/3989960c7de983c5cc05b2d43b26fa560fe9de433ee60b83259d6ee2cde3/pymongo-4.15.4-cp314-cp314-manylinux2014_s390x.manylinux_2_17_s390x.manylinux_2_28_s390x.whl", hash = "sha256:e93828768470026099119295c68ed0dbc0a50022558be5e334f6dbda054f1d32", size = 2351848 },
    { url = "https://files.pythonhosted.org/packages/31/93/ee9f8a42eed6ecb8dda52e586a470bf88007a298b0f1a2c4ea1ff352af8e/pymongo-4.15.4-cp314-cp314-manylinux2014_x86_64.manylinux_2_17_x86_64.manylinux_2_28_x86_64.whl", hash = "sha256:11840e9eb5a650ac190f2a3473631073daddbabdbb2779b6709dfddd3ba3b872", size = 2251338 },
    { url = "https://files.pythonhosted.org/packages/a0/36/c6609f632bcaffcdf9f7e67cb888402a1df049a7c3ff2f56067a0b451a59/pymongo-4.15.4-cp314-cp314-win32.whl", hash = "sha256:f0907b46df97b01911bf2e10ddbb23c2303629e482d81372031fd7f4313b9013", size = 992893 },
    { url = "https://files.pythonhosted.org/packages/f0/23/4ec0f7c9bf3397b6cafaf714f5bfe0a9944e7af088daa01d258eec031118/pymongo-4.15.4-cp314-cp314-win_amd64.whl", hash = "sha256:111d7f65ccbde908546cb36d14e22f12a73a4de236fd056f41ed515d1365f134", size = 1021204 },
    { url = "https://files.pythonhosted.org/packages/2b/71/3813d15fa5ce6fb5fb40775bedc95a1970790f5aba968d92b014a796aab6/pymongo-4.15.4-cp314-cp314-win_arm64.whl", hash = "sha256:c689a5d057ef013612b5aa58e6bf52f7fdb186e22039f1a3719985b5d0399932", size = 1000608 },
    { url = "https://files.pythonhosted.org/packages/12/e7/10f3bc034fcec374dc46462b369205527478199a803169cb10e9e4b48c68/pymongo-4.15.4-cp314-cp314t-macosx_10_15_x86_64.whl", hash = "sha256:cdfa57760745387cde93615a48f622bf1eeae8ae28103a8a5100b9389eec22f9", size = 1086725 },
    { url = "https://files.pythonhosted.org/packages/40/ee/b59cad7d46598d48708bd2a6559ea8b9cbb6fb9665d617b5a52b58de81b3/pymongo-4.15.4-cp314-cp314t-macosx_11_0_arm64.whl", hash = "sha256:4fd6ba610e5a54090c4055a15f38d19ad8bf11e6bbc5a173e945c755a16db455", size = 1086660 },
    { url = "https://files.pythonhosted.org/packages/0a/84/58efbde2b52a577f9162bb9b97605b6669354bb171bc241a0dc2639536d7/pymongo-4.15.4-cp314-cp314t-manylinux1_i686.manylinux_2_28_i686.manylinux_2_5_i686.whl", hash = "sha256:bd3c7945b8a5563aa3951db26ba534372fba4c781473f5d55ce6340b7523cb0f", size = 2531617 },
    { url = "https://files.pythonhosted.org/packages/f8/cd/7bd739d04b67c99f00c942465b8ab7659dc2c1ad80108b5f4f74eecdf9f3/pymongo-4.15.4-cp314-cp314t-manylinux2014_aarch64.manylinux_2_17_aarch64.manylinux_2_28_aarch64.whl", hash = "sha256:41e98a31e79d74e9d78bc1638b71c3a10a910eae7d3318e2ae8587c760931451", size = 2603756 },
    { url = "https://files.pythonhosted.org/packages/4a/39/5a3b01f7e5fd464656421246516723c02067e85bbfb52d30da7d79b8336f/pymongo-4.15.4-cp314-cp314t-manylinux2014_ppc64le.manylinux_2_17_ppc64le.manylinux_2_28_ppc64le.whl", hash = "sha256:d18d89073b5e752391c237d2ee86ceec1e02a4ad764b3029f24419eedd12723e", size = 2725205 },
    { url = "https://files.pythonhosted.org/packages/c7/a8/b06231d5ea48d0fcc47bf6c2cebfd8dbea3eda1a1d7bf786443cb9ef5b94/pymongo-4.15.4-cp314-cp314t-manylinux2014_s390x.manylinux_2_17_s390x.manylinux_2_28_s390x.whl", hash = "sha256:edbff27a56a80b8fe5c0319200c44e63b1349bf20db27d9734ddcf23c0d72b35", size = 2704793 },
    { url = "https://files.pythonhosted.org/packages/d0/a3/c0ea0da1185d3be4e73923ab3b74f14f424b40f787c710690c83004f147a/pymongo-4.15.4-cp314-cp314t-manylinux2014_x86_64.manylinux_2_17_x86_64.manylinux_2_28_x86_64.whl", hash = "sha256:f1d75f5b51304176631c12e5bf47eed021446669e5f99379b76fd2bd3929c1b4", size = 2582263 },
    { url = "https://files.pythonhosted.org/packages/c8/f7/29ce41f9e55b1dd912bed39b76e9326e23ff6c097c4a8de88b2c5bcd54e5/pymongo-4.15.4-cp314-cp314t-win32.whl", hash = "sha256:e1bf4e0689cc48e0cfa6aef17f107c298d8898de0c6e782ea5c98450ae93a62f", size = 1044009 },
    { url = "https://files.pythonhosted.org/packages/01/71/3fade727cc4c7ac77fe19c4e3a6bbfb66d7f46796108ba106f236c64492f/pymongo-4.15.4-cp314-cp314t-win_amd64.whl", hash = "sha256:3fc347ea5eda6c3a7177c3a9e4e9b4e570a444a351effda4a898c2d352a1ccd1", size = 1078479 },
    { url = "https://files.pythonhosted.org/packages/60/0f/d450350f103db4bb856cb1ee60c8b1fa68d5ac50c846896d74deba3e9950/pymongo-4.15.4-cp314-cp314t-win_arm64.whl", hash = "sha256:2d921b84c681c5385a6f7ba2b5740cb583544205a00877aad04b5b12ab86ad26", size = 1051155 },
]

[[package]]
name = "sniffio"
version = "1.3.1"
source = { registry = "https://pypi.org/simple" }
sdist = { url = "https://files.pythonhosted.org/packages/a2/87/a6771e1546d97e7e041b6ae58d80074f81b7d5121207425c964ddf5cfdbd/sniffio-1.3.1.tar.gz", hash = "sha256:f4324edc670a0f49750a81b895f35c3adb843cca46f0530f79fc1babb23789dc", size = 20372 }
wheels = [
    { url = "https://files.pythonhosted.org/packages/e9/44/75a9c9421471a6c4805dbf2356f7c181a29c1879239abab1ea2cc8f38b40/sniffio-1.3.1-py3-none-any.whl", hash = "sha256:2f6da418d1f1e0fddd844478f41680e794e6051915791a034ff65e5f100525a2", size = 10235 },
]

[[package]]
name = "tqdm"
version = "4.67.1"
source = { registry = "https://pypi.org/simple" }
dependencies = [
    { name = "colorama", marker = "sys_platform == 'win32'" },
]
sdist = { url = "https://files.pythonhosted.org/packages/a8/4b/29b4ef32e036bb34e4ab51796dd745cdba7ed47ad142a9f4a1eb8e0c744d/tqdm-4.67.1.tar.gz", hash = "sha256:f8aef9c52c08c13a65f30ea34f4e5aac3fd1a34959879d7e59e63027286627f2", size = 169737 }
wheels = [
    { url = "https://files.pythonhosted.org/packages/d0/30/dc54f88dd4a2b5dc8a0279bdd7270e735851848b762aeb1c1184ed1f6b14/tqdm-4.67.1-py3-none-any.whl", hash = "sha256:26445eca388f82e72884e0d580d5464cd801a3ea01e63e5601bdff9ba6a48de2", size = 78540 },
]
